
Microsoft Visual Studio Solution File, Format Version 12.00
# Visual Studio Version 17
VisualStudioVersion = 17.0.31919.166
MinimumVisualStudioVersion = 10.0.40219.1
Project("{FAE04EC0-301F-11D3-BF4B-00C04F79EFBC}") = "Exercise4_SkalProj_Datastrukturer_Minne", "Exercise4_SkalProj_Datastrukturer_Minne\Exercise4_SkalProj_Datastrukturer_Minne.csproj", "{D5708AA5-5BF4-4334-8C8F-E26F66EB22F0}"
EndProject
Global
	GlobalSection(SolutionConfigurationPlatforms) = preSolution
		Debug|Any CPU = Debug|Any CPU
		Release|Any CPU = Release|Any CPU
	EndGlobalSection
	GlobalSection(ProjectConfigurationPlatforms) = postSolution
		{D5708AA5-5BF4-4334-8C8F-E26F66EB22F0}.Debug|Any CPU.ActiveCfg = Debug|Any CPU
		{D5708AA5-5BF4-4334-8C8F-E26F66EB22F0}.Debug|Any CPU.Build.0 = Debug|Any CPU
		{D5708AA5-5BF4-4334-8C8F-E26F66EB22F0}.Release|Any CPU.ActiveCfg = Release|Any CPU
		{D5708AA5-5BF4-4334-8C8F-E26F66EB22F0}.Release|Any CPU.Build.0 = Release|Any CPU
	EndGlobalSection
	GlobalSection(SolutionProperties) = preSolution
		HideSolutionNode = FALSE
	EndGlobalSection
	GlobalSection(ExtensibilityGlobals) = postSolution
		SolutionGuid = {B14303DB-61F6-4736-B1C3-6EA3C4275BE1}
	EndGlobalSection
EndGlobal
